
Microsoft Visual Studio Solution File, Format Version 12.00
# Visual Studio Version 17
VisualStudioVersion = 17.0.31903.59
MinimumVisualStudioVersion = 10.0.40219.1
Project("{FAE04EC0-301F-11D3-BF4B-00C04F79EFBC}") = "MvcMovie", "MvcMovie\MvcMovie.csproj", "{65E96FB5-93C1-4B49-A4E8-C889F06A0A6C}"
EndProject
Global
	GlobalSection(SolutionConfigurationPlatforms) = preSolution
		Debug|Any CPU = Debug|Any CPU
		Release|Any CPU = Release|Any CPU
	EndGlobalSection
	GlobalSection(ProjectConfigurationPlatforms) = postSolution
		{65E96FB5-93C1-4B49-A4E8-C889F06A0A6C}.Debug|Any CPU.ActiveCfg = Debug|Any CPU
		{65E96FB5-93C1-4B49-A4E8-C889F06A0A6C}.Debug|Any CPU.Build.0 = Debug|Any CPU
		{65E96FB5-93C1-4B49-A4E8-C889F06A0A6C}.Release|Any CPU.ActiveCfg = Release|Any CPU
		{65E96FB5-93C1-4B49-A4E8-C889F06A0A6C}.Release|Any CPU.Build.0 = Release|Any CPU
	EndGlobalSection
	GlobalSection(SolutionProperties) = preSolution
		HideSolutionNode = FALSE
	EndGlobalSection
	GlobalSection(ExtensibilityGlobals) = postSolution
		SolutionGuid = {DD5097B1-F5B6-4ECA-965F-CF25E4796B09}
	EndGlobalSection
EndGlobal
